// !$*UTF8*$!
{
	archiveVersion = 1;
	classes = {
	};
	objectVersion = 77;
	objects = {

/* Begin PBXContainerItemProxy section */
		BC12489E2D4E54CC00B765A6 /* PBXContainerItemProxy */ = {
			isa = PBXContainerItemProxy;
			containerPortal = BC1248852D4E54CA00B765A6 /* Project object */;
			proxyType = 1;
			remoteGlobalIDString = BC12488C2D4E54CA00B765A6;
			remoteInfo = NinjaDesign;
		};
		BC1248A82D4E54CC00B765A6 /* PBXContainerItemProxy */ = {
			isa = PBXContainerItemProxy;
			containerPortal = BC1248852D4E54CA00B765A6 /* Project object */;
			proxyType = 1;
			remoteGlobalIDString = BC12488C2D4E54CA00B765A6;
			remoteInfo = NinjaDesign;
		};
/* End PBXContainerItemProxy section */

/* Begin PBXFileReference section */
		BC12488D2D4E54CA00B765A6 /* NinjaDesign.app */ = {isa = PBXFileReference; explicitFileType = wrapper.application; includeInIndex = 0; path = NinjaDesign.app; sourceTree = BUILT_PRODUCTS_DIR; };
		BC12489D2D4E54CC00B765A6 /* NinjaDesignTests.xctest */ = {isa = PBXFileReference; explicitFileType = wrapper.cfbundle; includeInIndex = 0; path = NinjaDesignTests.xctest; sourceTree = BUILT_PRODUCTS_DIR; };
		BC1248A72D4E54CC00B765A6 /* NinjaDesignUITests.xctest */ = {isa = PBXFileReference; explicitFileType = wrapper.cfbundle; includeInIndex = 0; path = NinjaDesignUITests.xctest; sourceTree = BUILT_PRODUCTS_DIR; };
/* End PBXFileReference section */

/* Begin PBXFileSystemSynchronizedBuildFileExceptionSet section */
		BC1248DF2D4E563200B765A6 /* Exceptions for "NinjaDesign" folder in "NinjaDesign" target */ = {
			isa = PBXFileSystemSynchronizedBuildFileExceptionSet;
			membershipExceptions = (
				Info.plist,
			);
			target = BC12488C2D4E54CA00B765A6 /* NinjaDesign */;
		};
/* End PBXFileSystemSynchronizedBuildFileExceptionSet section */

/* Begin PBXFileSystemSynchronizedRootGroup section */
		BC12488F2D4E54CA00B765A6 /* NinjaDesign */ = {
			isa = PBXFileSystemSynchronizedRootGroup;
			exceptions = (
				BC1248DF2D4E563200B765A6 /* Exceptions for "NinjaDesign" folder in "NinjaDesign" target */,
			);
			path = NinjaDesign;
			sourceTree = "<group>";
		};
		BC1248A02D4E54CC00B765A6 /* NinjaDesignTests */ = {
			isa = PBXFileSystemSynchronizedRootGroup;
			path = NinjaDesignTests;
			sourceTree = "<group>";
		};
		BC1248AA2D4E54CC00B765A6 /* NinjaDesignUITests */ = {
			isa = PBXFileSystemSynchronizedRootGroup;
			path = NinjaDesignUITests;
			sourceTree = "<group>";
		};
/* End PBXFileSystemSynchronizedRootGroup section */

/* Begin PBXFrameworksBuildPhase section */
		BC12488A2D4E54CA00B765A6 /* Frameworks */ = {
			isa = PBXFrameworksBuildPhase;
			buildActionMask = 2147483647;
			files = (
			);
			runOnlyForDeploymentPostprocessing = 0;
		};
		BC12489A2D4E54CC00B765A6 /* Frameworks */ = {
			isa = PBXFrameworksBuildPhase;
			buildActionMask = 2147483647;
			files = (
			);
			runOnlyForDeploymentPostprocessing = 0;
		};
		BC1248A42D4E54CC00B765A6 /* Frameworks */ = {
			isa = PBXFrameworksBuildPhase;
			buildActionMask = 2147483647;
			files = (
			);
			runOnlyForDeploymentPostprocessing = 0;
		};
/* End PBXFrameworksBuildPhase section */

/* Begin PBXGroup section */
		BC1248842D4E54CA00B765A6 = {
			isa = PBXGroup;
			children = (
				BC12488F2D4E54CA00B765A6 /* NinjaDesign */,
				BC1248A02D4E54CC00B765A6 /* NinjaDesignTests */,
				BC1248AA2D4E54CC00B765A6 /* NinjaDesignUITests */,
				BC12488E2D4E54CA00B765A6 /* Products */,
			);
			sourceTree = "<group>";
		};
		BC12488E2D4E54CA00B765A6 /* Products */ = {
			isa = PBXGroup;
			children = (
				BC12488D2D4E54CA00B765A6 /* NinjaDesign.app */,
				BC12489D2D4E54CC00B765A6 /* NinjaDesignTests.xctest */,
				BC1248A72D4E54CC00B765A6 /* NinjaDesignUITests.xctest */,
			);
			name = Products;
			sourceTree = "<group>";
		};
/* End PBXGroup section */

/* Begin PBXNativeTarget section */
		BC12488C2D4E54CA00B765A6 /* NinjaDesign */ = {
			isa = PBXNativeTarget;
			buildConfigurationList = BC1248B12D4E54CC00B765A6 /* Build configuration list for PBXNativeTarget "NinjaDesign" */;
			buildPhases = (
				BC1248892D4E54CA00B765A6 /* Sources */,
				BC12488A2D4E54CA00B765A6 /* Frameworks */,
				BC12488B2D4E54CA00B765A6 /* Resources */,
			);
			buildRules = (
			);
			dependencies = (
			);
			fileSystemSynchronizedGroups = (
				BC12488F2D4E54CA00B765A6 /* NinjaDesign */,
			);
			name = NinjaDesign;
			packageProductDependencies = (
			);
			productName = NinjaDesign;
			productReference = BC12488D2D4E54CA00B765A6 /* NinjaDesign.app */;
			productType = "com.apple.product-type.application";
		};
		BC12489C2D4E54CC00B765A6 /* NinjaDesignTests */ = {
			isa = PBXNativeTarget;
			buildConfigurationList = BC1248B42D4E54CC00B765A6 /* Build configuration list for PBXNativeTarget "NinjaDesignTests" */;
			buildPhases = (
				BC1248992D4E54CC00B765A6 /* Sources */,
				BC12489A2D4E54CC00B765A6 /* Frameworks */,
				BC12489B2D4E54CC00B765A6 /* Resources */,
			);
			buildRules = (
			);
			dependencies = (
				BC12489F2D4E54CC00B765A6 /* PBXTargetDependency */,
			);
			fileSystemSynchronizedGroups = (
				BC1248A02D4E54CC00B765A6 /* NinjaDesignTests */,
			);
			name = NinjaDesignTests;
			packageProductDependencies = (
			);
			productName = NinjaDesignTests;
			productReference = BC12489D2D4E54CC00B765A6 /* NinjaDesignTests.xctest */;
			productType = "com.apple.product-type.bundle.unit-test";
		};
		BC1248A62D4E54CC00B765A6 /* NinjaDesignUITests */ = {
			isa = PBXNativeTarget;
			buildConfigurationList = BC1248B72D4E54CC00B765A6 /* Build configuration list for PBXNativeTarget "NinjaDesignUITests" */;
			buildPhases = (
				BC1248A32D4E54CC00B765A6 /* Sources */,
				BC1248A42D4E54CC00B765A6 /* Frameworks */,
				BC1248A52D4E54CC00B765A6 /* Resources */,
			);
			buildRules = (
			);
			dependencies = (
				BC1248A92D4E54CC00B765A6 /* PBXTargetDependency */,
			);
			fileSystemSynchronizedGroups = (
				BC1248AA2D4E54CC00B765A6 /* NinjaDesignUITests */,
			);
			name = NinjaDesignUITests;
			packageProductDependencies = (
			);
			productName = NinjaDesignUITests;
			productReference = BC1248A72D4E54CC00B765A6 /* NinjaDesignUITests.xctest */;
			productType = "com.apple.product-type.bundle.ui-testing";
		};
/* End PBXNativeTarget section */

/* Begin PBXProject section */
		BC1248852D4E54CA00B765A6 /* Project object */ = {
			isa = PBXProject;
			attributes = {
				BuildIndependentTargetsInParallel = 1;
				LastSwiftUpdateCheck = 1620;
				LastUpgradeCheck = 1620;
				TargetAttributes = {
					BC12488C2D4E54CA00B765A6 = {
						CreatedOnToolsVersion = 16.2;
					};
					BC12489C2D4E54CC00B765A6 = {
						CreatedOnToolsVersion = 16.2;
						TestTargetID = BC12488C2D4E54CA00B765A6;
					};
					BC1248A62D4E54CC00B765A6 = {
						CreatedOnToolsVersion = 16.2;
						TestTargetID = BC12488C2D4E54CA00B765A6;
					};
				};
			};
			buildConfigurationList = BC1248882D4E54CA00B765A6 /* Build configuration list for PBXProject "NinjaDesign" */;
			developmentRegion = en;
			hasScannedForEncodings = 0;
			knownRegions = (
				en,
				Base,
			);
			mainGroup = BC1248842D4E54CA00B765A6;
			minimizedProjectReferenceProxies = 1;
			preferredProjectObjectVersion = 77;
			productRefGroup = BC12488E2D4E54CA00B765A6 /* Products */;
			projectDirPath = "";
			projectRoot = "";
			targets = (
				BC12488C2D4E54CA00B765A6 /* NinjaDesign */,
				BC12489C2D4E54CC00B765A6 /* NinjaDesignTests */,
				BC1248A62D4E54CC00B765A6 /* NinjaDesignUITests */,
			);
		};
/* End PBXProject section */

/* Begin PBXResourcesBuildPhase section */
		BC12488B2D4E54CA00B765A6 /* Resources */ = {
			isa = PBXResourcesBuildPhase;
			buildActionMask = 2147483647;
			files = (
			);
			runOnlyForDeploymentPostprocessing = 0;
		};
		BC12489B2D4E54CC00B765A6 /* Resources */ = {
			isa = PBXResourcesBuildPhase;
			buildActionMask = 2147483647;
			files = (
			);
			runOnlyForDeploymentPostprocessing = 0;
		};
		BC1248A52D4E54CC00B765A6 /* Resources */ = {
			isa = PBXResourcesBuildPhase;
			buildActionMask = 2147483647;
			files = (
			);
			runOnlyForDeploymentPostprocessing = 0;
		};
/* End PBXResourcesBuildPhase section */

/* Begin PBXSourcesBuildPhase section */
		BC1248892D4E54CA00B765A6 /* Sources */ = {
			isa = PBXSourcesBuildPhase;
			buildActionMask = 2147483647;
			files = (
			);
			runOnlyForDeploymentPostprocessing = 0;
		};
		BC1248992D4E54CC00B765A6 /* Sources */ = {
			isa = PBXSourcesBuildPhase;
			buildActionMask = 2147483647;
			files = (
			);
			runOnlyForDeploymentPostprocessing = 0;
		};
		BC1248A32D4E54CC00B765A6 /* Sources */ = {
			isa = PBXSourcesBuildPhase;
			buildActionMask = 2147483647;
			files = (
			);
			runOnlyForDeploymentPostprocessing = 0;
		};
/* End PBXSourcesBuildPhase section */

/* Begin PBXTargetDependency section */
		BC12489F2D4E54CC00B765A6 /* PBXTargetDependency */ = {
			isa = PBXTargetDependency;
			target = BC12488C2D4E54CA00B765A6 /* NinjaDesign */;
			targetProxy = BC12489E2D4E54CC00B765A6 /* PBXContainerItemProxy */;
		};
		BC1248A92D4E54CC00B765A6 /* PBXTargetDependency */ = {
			isa = PBXTargetDependency;
			target = BC12488C2D4E54CA00B765A6 /* NinjaDesign */;
			targetProxy = BC1248A82D4E54CC00B765A6 /* PBXContainerItemProxy */;
		};
/* End PBXTargetDependency section */

/* Begin XCBuildConfiguration section */
		BC1248AF2D4E54CC00B765A6 /* Debug */ = {
			isa = XCBuildConfiguration;
			buildSettings = {
				ALWAYS_SEARCH_USER_PATHS = NO;
				ASSETCATALOG_COMPILER_GENERATE_SWIFT_ASSET_SYMBOL_EXTENSIONS = YES;
				CLANG_ANALYZER_NONNULL = YES;
				CLANG_ANALYZER_NUMBER_OBJECT_CONVERSION = YES_AGGRESSIVE;
				CLANG_CXX_LANGUAGE_STANDARD = "gnu++20";
				CLANG_ENABLE_MODULES = YES;
				CLANG_ENABLE_OBJC_ARC = YES;
				CLANG_ENABLE_OBJC_WEAK = YES;
				CLANG_WARN_BLOCK_CAPTURE_AUTORELEASING = YES;
				CLANG_WARN_BOOL_CONVERSION = YES;
				CLANG_WARN_COMMA = YES;
				CLANG_WARN_CONSTANT_CONVERSION = YES;
				CLANG_WARN_DEPRECATED_OBJC_IMPLEMENTATIONS = YES;
				CLANG_WARN_DIRECT_OBJC_ISA_USAGE = YES_ERROR;
				CLANG_WARN_DOCUMENTATION_COMMENTS = YES;
				CLANG_WARN_EMPTY_BODY = YES;
				CLANG_WARN_ENUM_CONVERSION = YES;
				CLANG_WARN_INFINITE_RECURSION = YES;
				CLANG_WARN_INT_CONVERSION = YES;
				CLANG_WARN_NON_LITERAL_NULL_CONVERSION = YES;
				CLANG_WARN_OBJC_IMPLICIT_RETAIN_SELF = YES;
				CLANG_WARN_OBJC_LITERAL_CONVERSION = YES;
				CLANG_WARN_OBJC_ROOT_CLASS = YES_ERROR;
				CLANG_WARN_QUOTED_INCLUDE_IN_FRAMEWORK_HEADER = YES;
				CLANG_WARN_RANGE_LOOP_ANALYSIS = YES;
				CLANG_WARN_STRICT_PROTOTYPES = YES;
				CLANG_WARN_SUSPICIOUS_MOVE = YES;
				CLANG_WARN_UNGUARDED_AVAILABILITY = YES_AGGRESSIVE;
				CLANG_WARN_UNREACHABLE_CODE = YES;
				CLANG_WARN__DUPLICATE_METHOD_MATCH = YES;
				COPY_PHASE_STRIP = NO;
				DEBUG_INFORMATION_FORMAT = dwarf;
				ENABLE_STRICT_OBJC_MSGSEND = YES;
				ENABLE_TESTABILITY = YES;
				ENABLE_USER_SCRIPT_SANDBOXING = YES;
				GCC_C_LANGUAGE_STANDARD = gnu17;
				GCC_DYNAMIC_NO_PIC = NO;
				GCC_NO_COMMON_BLOCKS = YES;
				GCC_OPTIMIZATION_LEVEL = 0;
				GCC_PREPROCESSOR_DEFINITIONS = (
					"DEBUG=1",
					"$(inherited)",
				);
				GCC_WARN_64_TO_32_BIT_CONVERSION = YES;
				GCC_WARN_ABOUT_RETURN_TYPE = YES_ERROR;
				GCC_WARN_UNDECLARED_SELECTOR = YES;
				GCC_WARN_UNINITIALIZED_AUTOS = YES_AGGRESSIVE;
				GCC_WARN_UNUSED_FUNCTION = YES;
				GCC_WARN_UNUSED_VARIABLE = YES;
				IPHONEOS_DEPLOYMENT_TARGET = 18.2;
				LOCALIZATION_PREFERS_STRING_CATALOGS = YES;
				MTL_ENABLE_DEBUG_INFO = INCLUDE_SOURCE;
				MTL_FAST_MATH = YES;
				ONLY_ACTIVE_ARCH = YES;
				SDKROOT = iphoneos;
				SWIFT_ACTIVE_COMPILATION_CONDITIONS = "DEBUG $(inherited)";
				SWIFT_OPTIMIZATION_LEVEL = "-Onone";
			};
			name = Debug;
		};
		BC1248B02D4E54CC00B765A6 /* Release */ = {
			isa = XCBuildConfiguration;
			buildSettings = {
				ALWAYS_SEARCH_USER_PATHS = NO;
				ASSETCATALOG_COMPILER_GENERATE_SWIFT_ASSET_SYMBOL_EXTENSIONS = YES;
				CLANG_ANALYZER_NONNULL = YES;
				CLANG_ANALYZER_NUMBER_OBJECT_CONVERSION = YES_AGGRESSIVE;
				CLANG_CXX_LANGUAGE_STANDARD = "gnu++20";
				CLANG_ENABLE_MODULES = YES;
				CLANG_ENABLE_OBJC_ARC = YES;
				CLANG_ENABLE_OBJC_WEAK = YES;
				CLANG_WARN_BLOCK_CAPTURE_AUTORELEASING = YES;
				CLANG_WARN_BOOL_CONVERSION = YES;
				CLANG_WARN_COMMA = YES;
				CLANG_WARN_CONSTANT_CONVERSION = YES;
				CLANG_WARN_DEPRECATED_OBJC_IMPLEMENTATIONS = YES;
				CLANG_WARN_DIRECT_OBJC_ISA_USAGE = YES_ERROR;
				CLANG_WARN_DOCUMENTATION_COMMENTS = YES;
				CLANG_WARN_EMPTY_BODY = YES;
				CLANG_WARN_ENUM_CONVERSION = YES;
				CLANG_WARN_INFINITE_RECURSION = YES;
				CLANG_WARN_INT_CONVERSION = YES;
				CLANG_WARN_NON_LITERAL_NULL_CONVERSION = YES;
				CLANG_WARN_OBJC_IMPLICIT_RETAIN_SELF = YES;
				CLANG_WARN_OBJC_LITERAL_CONVERSION = YES;
				CLANG_WARN_OBJC_ROOT_CLASS = YES_ERROR;
				CLANG_WARN_QUOTED_INCLUDE_IN_FRAMEWORK_HEADER = YES;
				CLANG_WARN_RANGE_LOOP_ANALYSIS = YES;
				CLANG_WARN_STRICT_PROTOTYPES = YES;
				CLANG_WARN_SUSPICIOUS_MOVE = YES;
				CLANG_WARN_UNGUARDED_AVAILABILITY = YES_AGGRESSIVE;
				CLANG_WARN_UNREACHABLE_CODE = YES;
				CLANG_WARN__DUPLICATE_METHOD_MATCH = YES;
				COPY_PHASE_STRIP = NO;
				DEBUG_INFORMATION_FORMAT = "dwarf-with-dsym";
				ENABLE_NS_ASSERTIONS = NO;
				ENABLE_STRICT_OBJC_MSGSEND = YES;
				ENABLE_USER_SCRIPT_SANDBOXING = YES;
				GCC_C_LANGUAGE_STANDARD = gnu17;
				GCC_NO_COMMON_BLOCKS = YES;
				GCC_WARN_64_TO_32_BIT_CONVERSION = YES;
				GCC_WARN_ABOUT_RETURN_TYPE = YES_ERROR;
				GCC_WARN_UNDECLARED_SELECTOR = YES;
				GCC_WARN_UNINITIALIZED_AUTOS = YES_AGGRESSIVE;
				GCC_WARN_UNUSED_FUNCTION = YES;
				GCC_WARN_UNUSED_VARIABLE = YES;
				IPHONEOS_DEPLOYMENT_TARGET = 18.2;
				LOCALIZATION_PREFERS_STRING_CATALOGS = YES;
				MTL_ENABLE_DEBUG_INFO = NO;
				MTL_FAST_MATH = YES;
				SDKROOT = iphoneos;
				SWIFT_COMPILATION_MODE = wholemodule;
				VALIDATE_PRODUCT = YES;
			};
			name = Release;
		};
		BC1248B22D4E54CC00B765A6 /* Debug */ = {
			isa = XCBuildConfiguration;
			buildSettings = {
				ASSETCATALOG_COMPILER_APPICON_NAME = AppIcon;
				ASSETCATALOG_COMPILER_GLOBAL_ACCENT_COLOR_NAME = AccentColor;
				CODE_SIGN_STYLE = Automatic;
				CURRENT_PROJECT_VERSION = 1;
				DEVELOPMENT_ASSET_PATHS = "\"NinjaDesign/Preview Content\"";
				DEVELOPMENT_TEAM = 7SQ7QN766K;
				ENABLE_PREVIEWS = YES;
				GENERATE_INFOPLIST_FILE = YES;
				INFOPLIST_FILE = NinjaDesign/Info.plist;
				INFOPLIST_KEY_UIApplicationSceneManifest_Generation = YES;
				INFOPLIST_KEY_UIApplicationSupportsIndirectInputEvents = YES;
				INFOPLIST_KEY_UILaunchScreen_Generation = YES;
				INFOPLIST_KEY_UISupportedInterfaceOrientations_iPad = "UIInterfaceOrientationPortrait UIInterfaceOrientationPortraitUpsideDown UIInterfaceOrientationLandscapeLeft UIInterfaceOrientationLandscapeRight";
				INFOPLIST_KEY_UISupportedInterfaceOrientations_iPhone = "UIInterfaceOrientationPortrait UIInterfaceOrientationLandscapeLeft UIInterfaceOrientationLandscapeRight";
				LD_RUNPATH_SEARCH_PATHS = (
					"$(inherited)",
					"@executable_path/Frameworks",
				);
				MARKETING_VERSION = 1.0;
				PRODUCT_BUNDLE_IDENTIFIER = ninja.b1t.NinjaDesign;
				PRODUCT_NAME = "$(TARGET_NAME)";
				SWIFT_EMIT_LOC_STRINGS = YES;
				SWIFT_VERSION = 5.0;
				TARGETED_DEVICE_FAMILY = "1,2";
			};
			name = Debug;
		};
		BC1248B32D4E54CC00B765A6 /* Release */ = {
			isa = XCBuildConfiguration;
			buildSettings = {
				ASSETCATALOG_COMPILER_APPICON_NAME = AppIcon;
				ASSETCATALOG_COMPILER_GLOBAL_ACCENT_COLOR_NAME = AccentColor;
				CODE_SIGN_STYLE = Automatic;
				CURRENT_PROJECT_VERSION = 1;
				DEVELOPMENT_ASSET_PATHS = "\"NinjaDesign/Preview Content\"";
				DEVELOPMENT_TEAM = 7SQ7QN766K;
				ENABLE_PREVIEWS = YES;
				GENERATE_INFOPLIST_FILE = YES;
				INFOPLIST_FILE = NinjaDesign/Info.plist;
				INFOPLIST_KEY_UIApplicationSceneManifest_Generation = YES;
				INFOPLIST_KEY_UIApplicationSupportsIndirectInputEvents = YES;
				INFOPLIST_KEY_UILaunchScreen_Generation = YES;
				INFOPLIST_KEY_UISupportedInterfaceOrientations_iPad = "UIInterfaceOrientationPortrait UIInterfaceOrientationPortraitUpsideDown UIInterfaceOrientationLandscapeLeft UIInterfaceOrientationLandscapeRight";
				INFOPLIST_KEY_UISupportedInterfaceOrientations_iPhone = "UIInterfaceOrientationPortrait UIInterfaceOrientationLandscapeLeft UIInterfaceOrientationLandscapeRight";
				LD_RUNPATH_SEARCH_PATHS = (
					"$(inherited)",
					"@executable_path/Frameworks",
				);
				MARKETING_VERSION = 1.0;
				PRODUCT_BUNDLE_IDENTIFIER = ninja.b1t.NinjaDesign;
				PRODUCT_NAME = "$(TARGET_NAME)";
				SWIFT_EMIT_LOC_STRINGS = YES;
				SWIFT_VERSION = 5.0;
				TARGETED_DEVICE_FAMILY = "1,2";
			};
			name = Release;
		};
		BC1248B52D4E54CC00B765A6 /* Debug */ = {
			isa = XCBuildConfiguration;
			buildSettings = {
				BUNDLE_LOADER = "$(TEST_HOST)";
				CODE_SIGN_STYLE = Automatic;
				CURRENT_PROJECT_VERSION = 1;
				DEVELOPMENT_TEAM = 7SQ7QN766K;
				GENERATE_INFOPLIST_FILE = YES;
				IPHONEOS_DEPLOYMENT_TARGET = 18.2;
				MARKETING_VERSION = 1.0;
				PRODUCT_BUNDLE_IDENTIFIER = ninja.b1t.NinjaDesignTests;
				PRODUCT_NAME = "$(TARGET_NAME)";
				SWIFT_EMIT_LOC_STRINGS = NO;
				SWIFT_VERSION = 5.0;
				TARGETED_DEVICE_FAMILY = "1,2";
				TEST_HOST = "$(BUILT_PRODUCTS_DIR)/NinjaDesign.app/$(BUNDLE_EXECUTABLE_FOLDER_PATH)/NinjaDesign";
			};
			name = Debug;
		};
		BC1248B62D4E54CC00B765A6 /* Release */ = {
			isa = XCBuildConfiguration;
			buildSettings = {
				BUNDLE_LOADER = "$(TEST_HOST)";
				CODE_SIGN_STYLE = Automatic;
				CURRENT_PROJECT_VERSION = 1;
				DEVELOPMENT_TEAM = 7SQ7QN766K;
				GENERATE_INFOPLIST_FILE = YES;
				IPHONEOS_DEPLOYMENT_TARGET = 18.2;
				MARKETING_VERSION = 1.0;
				PRODUCT_BUNDLE_IDENTIFIER = ninja.b1t.NinjaDesignTests;
				PRODUCT_NAME = "$(TARGET_NAME)";
				SWIFT_EMIT_LOC_STRINGS = NO;
				SWIFT_VERSION = 5.0;
				TARGETED_DEVICE_FAMILY = "1,2";
				TEST_HOST = "$(BUILT_PRODUCTS_DIR)/NinjaDesign.app/$(BUNDLE_EXECUTABLE_FOLDER_PATH)/NinjaDesign";
			};
			name = Release;
		};
		BC1248B82D4E54CC00B765A6 /* Debug */ = {
			isa = XCBuildConfiguration;
			buildSettings = {
				CODE_SIGN_STYLE = Automatic;
				CURRENT_PROJECT_VERSION = 1;
				DEVELOPMENT_TEAM = 7SQ7QN766K;
				GENERATE_INFOPLIST_FILE = YES;
				MARKETING_VERSION = 1.0;
				PRODUCT_BUNDLE_IDENTIFIER = ninja.b1t.NinjaDesignUITests;
				PRODUCT_NAME = "$(TARGET_NAME)";
				SWIFT_EMIT_LOC_STRINGS = NO;
				SWIFT_VERSION = 5.0;
				TARGETED_DEVICE_FAMILY = "1,2";
				TEST_TARGET_NAME = NinjaDesign;
			};
			name = Debug;
		};
		BC1248B92D4E54CC00B765A6 /* Release */ = {
			isa = XCBuildConfiguration;
			buildSettings = {
				CODE_SIGN_STYLE = Automatic;
				CURRENT_PROJECT_VERSION = 1;
				DEVELOPMENT_TEAM = 7SQ7QN766K;
				GENERATE_INFOPLIST_FILE = YES;
				MARKETING_VERSION = 1.0;
				PRODUCT_BUNDLE_IDENTIFIER = ninja.b1t.NinjaDesignUITests;
				PRODUCT_NAME = "$(TARGET_NAME)";
				SWIFT_EMIT_LOC_STRINGS = NO;
				SWIFT_VERSION = 5.0;
				TARGETED_DEVICE_FAMILY = "1,2";
				TEST_TARGET_NAME = NinjaDesign;
			};
			name = Release;
		};
/* End XCBuildConfiguration section */

/* Begin XCConfigurationList section */
		BC1248882D4E54CA00B765A6 /* Build configuration list for PBXProject "NinjaDesign" */ = {
			isa = XCConfigurationList;
			buildConfigurations = (
				BC1248AF2D4E54CC00B765A6 /* Debug */,
				BC1248B02D4E54CC00B765A6 /* Release */,
			);
			defaultConfigurationIsVisible = 0;
			defaultConfigurationName = Release;
		};
		BC1248B12D4E54CC00B765A6 /* Build configuration list for PBXNativeTarget "NinjaDesign" */ = {
			isa = XCConfigurationList;
			buildConfigurations = (
				BC1248B22D4E54CC00B765A6 /* Debug */,
				BC1248B32D4E54CC00B765A6 /* Release */,
			);
			defaultConfigurationIsVisible = 0;
			defaultConfigurationName = Release;
		};
		BC1248B42D4E54CC00B765A6 /* Build configuration list for PBXNativeTarget "NinjaDesignTests" */ = {
			isa = XCConfigurationList;
			buildConfigurations = (
				BC1248B52D4E54CC00B765A6 /* Debug */,
				BC1248B62D4E54CC00B765A6 /* Release */,
			);
			defaultConfigurationIsVisible = 0;
			defaultConfigurationName = Release;
		};
		BC1248B72D4E54CC00B765A6 /* Build configuration list for PBXNativeTarget "NinjaDesignUITests" */ = {
			isa = XCConfigurationList;
			buildConfigurations = (
				BC1248B82D4E54CC00B765A6 /* Debug */,
				BC1248B92D4E54CC00B765A6 /* Release */,
			);
			defaultConfigurationIsVisible = 0;
			defaultConfigurationName = Release;
		};
/* End XCConfigurationList section */
	};
	rootObject = BC1248852D4E54CA00B765A6 /* Project object */;
}
